
Microsoft Visual Studio Solution File, Format Version 12.00
# Visual Studio Version 17
VisualStudioVersion = 17.6.33801.468
MinimumVisualStudioVersion = 10.0.40219.1
Project("{8BC9CEB8-8B4A-11D0-8D11-00A0C91BC942}") = "Beakjoon_1934", "Beakjoon_1934\Beakjoon_1934.vcxproj", "{06EB8146-98A5-4FF4-8160-7FF3A7265C26}"
EndProject
Global
	GlobalSection(SolutionConfigurationPlatforms) = preSolution
		Debug|x64 = Debug|x64
		Debug|x86 = Debug|x86
		Release|x64 = Release|x64
		Release|x86 = Release|x86
	EndGlobalSection
	GlobalSection(ProjectConfigurationPlatforms) = postSolution
		{06EB8146-98A5-4FF4-8160-7FF3A7265C26}.Debug|x64.ActiveCfg = Debug|x64
		{06EB8146-98A5-4FF4-8160-7FF3A7265C26}.Debug|x64.Build.0 = Debug|x64
		{06EB8146-98A5-4FF4-8160-7FF3A7265C26}.Debug|x86.ActiveCfg = Debug|Win32
		{06EB8146-98A5-4FF4-8160-7FF3A7265C26}.Debug|x86.Build.0 = Debug|Win32
		{06EB8146-98A5-4FF4-8160-7FF3A7265C26}.Release|x64.ActiveCfg = Release|x64
		{06EB8146-98A5-4FF4-8160-7FF3A7265C26}.Release|x64.Build.0 = Release|x64
		{06EB8146-98A5-4FF4-8160-7FF3A7265C26}.Release|x86.ActiveCfg = Release|Win32
		{06EB8146-98A5-4FF4-8160-7FF3A7265C26}.Release|x86.Build.0 = Release|Win32
	EndGlobalSection
	GlobalSection(SolutionProperties) = preSolution
		HideSolutionNode = FALSE
	EndGlobalSection
	GlobalSection(ExtensibilityGlobals) = postSolution
		SolutionGuid = {3152DB3D-C1D0-49F2-A2EF-8F9579FC16A1}
	EndGlobalSection
EndGlobal
