
Microsoft Visual Studio Solution File, Format Version 12.00
# Visual Studio Version 17
VisualStudioVersion = 17.6.33801.468
MinimumVisualStudioVersion = 10.0.40219.1
Project("{8BC9CEB8-8B4A-11D0-8D11-00A0C91BC942}") = "Beakjoon_9506", "Beakjoon\Beakjoon.vcxproj", "{C785F3BD-7824-47A9-AAF6-3DBE001A25A4}"
EndProject
Project("{8BC9CEB8-8B4A-11D0-8D11-00A0C91BC942}") = "Beakjoon_2581", "Beakjoon_2581\Beakjoon_2581.vcxproj", "{DFADD9E6-20B5-40FB-AF88-DB43BA246C3E}"
EndProject
Project("{8BC9CEB8-8B4A-11D0-8D11-00A0C91BC942}") = "Beakjoon_11653", "Beakjoon_11653\Beakjoon_11653.vcxproj", "{1043BF7D-891A-47A8-A9A2-F0E265F3B5D3}"
EndProject
Project("{8BC9CEB8-8B4A-11D0-8D11-00A0C91BC942}") = "Beakjoon_27323", "Beakjoon_27323\Beakjoon_27323.vcxproj", "{14110C2C-CB81-4A4F-8B35-46D3AE88D803}"
EndProject
Project("{8BC9CEB8-8B4A-11D0-8D11-00A0C91BC942}") = "Beakjoon_3009", "Beakjoon_3009\Beakjoon_3009.vcxproj", "{47F47DFB-6A1D-46B0-BED3-4ABE1BE492B6}"
EndProject
Project("{8BC9CEB8-8B4A-11D0-8D11-00A0C91BC942}") = "Beakjoon_15894", "Beakjoon_15894\Beakjoon_15894.vcxproj", "{A1A6C349-9E0B-4520-948D-C24733BCCC7A}"
EndProject
Project("{8BC9CEB8-8B4A-11D0-8D11-00A0C91BC942}") = "Beakjoon_9063", "Beakjoon_9063\Beakjoon_9063.vcxproj", "{AB4F0EAA-F22E-42EA-A066-74E63A9DB551}"
EndProject
Project("{8BC9CEB8-8B4A-11D0-8D11-00A0C91BC942}") = "Beakjoon_10101", "Beakjoon_10101\Beakjoon_10101.vcxproj", "{4EAAF6DF-14AA-459F-8B97-946FB03EB285}"
EndProject
Project("{8BC9CEB8-8B4A-11D0-8D11-00A0C91BC942}") = "Beakjoon_5073", "Beakjoon_5073\Beakjoon_5073.vcxproj", "{69355E0D-5398-469F-976F-F5F71FDAD553}"
EndProject
Project("{8BC9CEB8-8B4A-11D0-8D11-00A0C91BC942}") = "Beakjoon_14215", "Beakjoon_14215\Beakjoon_14215.vcxproj", "{0FE29FB4-6C6F-4B02-89F3-77EDF7B046CC}"
EndProject
Project("{8BC9CEB8-8B4A-11D0-8D11-00A0C91BC942}") = "Beakjoon_24262", "Beakjoon_24262\Beakjoon_24262.vcxproj", "{05C7CB4A-C13D-4C24-98DD-C8CD5C796D4A}"
EndProject
Project("{8BC9CEB8-8B4A-11D0-8D11-00A0C91BC942}") = "Beakjoon_19532", "Beakjoon_19532\Beakjoon_19532.vcxproj", "{FC471AC3-6930-4AEC-B987-FB75F83D1CB3}"
EndProject
Project("{2150E333-8FDC-42A3-9474-1A3956D46DE8}") = "23-11-29", "23-11-29", "{C11AD82F-7679-4D23-9CAE-3FFE14CD85C0}"
EndProject
Project("{2150E333-8FDC-42A3-9474-1A3956D46DE8}") = "23-11-30", "23-11-30", "{DA17DBBD-D0FD-4C37-9525-833A61548630}"
EndProject
Project("{2150E333-8FDC-42A3-9474-1A3956D46DE8}") = "블로그 작성 안함", "블로그 작성 안함", "{0724221C-095A-456B-AC7F-DE77AF524743}"
EndProject
Project("{2150E333-8FDC-42A3-9474-1A3956D46DE8}") = "23-12-01", "23-12-01", "{F716B181-7DD3-4C9C-8B3E-E6E0DE1BD67F}"
EndProject
Project("{8BC9CEB8-8B4A-11D0-8D11-00A0C91BC942}") = "Beakjoon_2587", "Beakjoon_2587\Beakjoon_2587.vcxproj", "{7CAD3BE1-B35B-468F-8631-A829EC3F8DC0}"
EndProject
Project("{8BC9CEB8-8B4A-11D0-8D11-00A0C91BC942}") = "Beakjoon_25305", "Beakjoon_25305\Beakjoon_25305.vcxproj", "{97632288-DDBE-4A5B-95DF-BD11055BF940}"
EndProject
Project("{8BC9CEB8-8B4A-11D0-8D11-00A0C91BC942}") = "beakjoon_1427", "beakjoon_1427번\beakjoon_1427번.vcxproj", "{ABDBF3D3-A0E0-4366-9D88-D08C5CB0BEB9}"
EndProject
Project("{8BC9CEB8-8B4A-11D0-8D11-00A0C91BC942}") = "Beakjoon_18870", "Beakjoon_18870\Beakjoon_18870.vcxproj", "{B89337EE-5BBB-4296-ACF8-C5E961631488}"
EndProject
Project("{2150E333-8FDC-42A3-9474-1A3956D46DE8}") = "23-12-02", "23-12-02", "{F889B83B-D246-46EA-AD7F-1DB026F1AF8A}"
EndProject
Project("{8BC9CEB8-8B4A-11D0-8D11-00A0C91BC942}") = "Beakjoon_10815", "Beakjoon_10815\Beakjoon_10815.vcxproj", "{FC63CE23-79E9-4C40-AE46-8121584FE6DC}"
EndProject
Project("{8BC9CEB8-8B4A-11D0-8D11-00A0C91BC942}") = "Beakjoon_14425", "Beakjoon_14425\Beakjoon_14425.vcxproj", "{491E2687-DF82-4365-9E33-FEEB4AD1E7D6}"
EndProject
Global
	GlobalSection(SolutionConfigurationPlatforms) = preSolution
		Debug|x64 = Debug|x64
		Debug|x86 = Debug|x86
		Release|x64 = Release|x64
		Release|x86 = Release|x86
	EndGlobalSection
	GlobalSection(ProjectConfigurationPlatforms) = postSolution
		{C785F3BD-7824-47A9-AAF6-3DBE001A25A4}.Debug|x64.ActiveCfg = Debug|x64
		{C785F3BD-7824-47A9-AAF6-3DBE001A25A4}.Debug|x64.Build.0 = Debug|x64
		{C785F3BD-7824-47A9-AAF6-3DBE001A25A4}.Debug|x86.ActiveCfg = Debug|Win32
		{C785F3BD-7824-47A9-AAF6-3DBE001A25A4}.Debug|x86.Build.0 = Debug|Win32
		{C785F3BD-7824-47A9-AAF6-3DBE001A25A4}.Release|x64.ActiveCfg = Release|x64
		{C785F3BD-7824-47A9-AAF6-3DBE001A25A4}.Release|x64.Build.0 = Release|x64
		{C785F3BD-7824-47A9-AAF6-3DBE001A25A4}.Release|x86.ActiveCfg = Release|Win32
		{C785F3BD-7824-47A9-AAF6-3DBE001A25A4}.Release|x86.Build.0 = Release|Win32
		{DFADD9E6-20B5-40FB-AF88-DB43BA246C3E}.Debug|x64.ActiveCfg = Debug|x64
		{DFADD9E6-20B5-40FB-AF88-DB43BA246C3E}.Debug|x64.Build.0 = Debug|x64
		{DFADD9E6-20B5-40FB-AF88-DB43BA246C3E}.Debug|x86.ActiveCfg = Debug|Win32
		{DFADD9E6-20B5-40FB-AF88-DB43BA246C3E}.Debug|x86.Build.0 = Debug|Win32
		{DFADD9E6-20B5-40FB-AF88-DB43BA246C3E}.Release|x64.ActiveCfg = Release|x64
		{DFADD9E6-20B5-40FB-AF88-DB43BA246C3E}.Release|x64.Build.0 = Release|x64
		{DFADD9E6-20B5-40FB-AF88-DB43BA246C3E}.Release|x86.ActiveCfg = Release|Win32
		{DFADD9E6-20B5-40FB-AF88-DB43BA246C3E}.Release|x86.Build.0 = Release|Win32
		{1043BF7D-891A-47A8-A9A2-F0E265F3B5D3}.Debug|x64.ActiveCfg = Debug|x64
		{1043BF7D-891A-47A8-A9A2-F0E265F3B5D3}.Debug|x64.Build.0 = Debug|x64
		{1043BF7D-891A-47A8-A9A2-F0E265F3B5D3}.Debug|x86.ActiveCfg = Debug|Win32
		{1043BF7D-891A-47A8-A9A2-F0E265F3B5D3}.Debug|x86.Build.0 = Debug|Win32
		{1043BF7D-891A-47A8-A9A2-F0E265F3B5D3}.Release|x64.ActiveCfg = Release|x64
		{1043BF7D-891A-47A8-A9A2-F0E265F3B5D3}.Release|x64.Build.0 = Release|x64
		{1043BF7D-891A-47A8-A9A2-F0E265F3B5D3}.Release|x86.ActiveCfg = Release|Win32
		{1043BF7D-891A-47A8-A9A2-F0E265F3B5D3}.Release|x86.Build.0 = Release|Win32
		{14110C2C-CB81-4A4F-8B35-46D3AE88D803}.Debug|x64.ActiveCfg = Debug|x64
		{14110C2C-CB81-4A4F-8B35-46D3AE88D803}.Debug|x64.Build.0 = Debug|x64
		{14110C2C-CB81-4A4F-8B35-46D3AE88D803}.Debug|x86.ActiveCfg = Debug|Win32
		{14110C2C-CB81-4A4F-8B35-46D3AE88D803}.Debug|x86.Build.0 = Debug|Win32
		{14110C2C-CB81-4A4F-8B35-46D3AE88D803}.Release|x64.ActiveCfg = Release|x64
		{14110C2C-CB81-4A4F-8B35-46D3AE88D803}.Release|x64.Build.0 = Release|x64
		{14110C2C-CB81-4A4F-8B35-46D3AE88D803}.Release|x86.ActiveCfg = Release|Win32
		{14110C2C-CB81-4A4F-8B35-46D3AE88D803}.Release|x86.Build.0 = Release|Win32
		{47F47DFB-6A1D-46B0-BED3-4ABE1BE492B6}.Debug|x64.ActiveCfg = Debug|x64
		{47F47DFB-6A1D-46B0-BED3-4ABE1BE492B6}.Debug|x64.Build.0 = Debug|x64
		{47F47DFB-6A1D-46B0-BED3-4ABE1BE492B6}.Debug|x86.ActiveCfg = Debug|Win32
		{47F47DFB-6A1D-46B0-BED3-4ABE1BE492B6}.Debug|x86.Build.0 = Debug|Win32
		{47F47DFB-6A1D-46B0-BED3-4ABE1BE492B6}.Release|x64.ActiveCfg = Release|x64
		{47F47DFB-6A1D-46B0-BED3-4ABE1BE492B6}.Release|x64.Build.0 = Release|x64
		{47F47DFB-6A1D-46B0-BED3-4ABE1BE492B6}.Release|x86.ActiveCfg = Release|Win32
		{47F47DFB-6A1D-46B0-BED3-4ABE1BE492B6}.Release|x86.Build.0 = Release|Win32
		{A1A6C349-9E0B-4520-948D-C24733BCCC7A}.Debug|x64.ActiveCfg = Debug|x64
		{A1A6C349-9E0B-4520-948D-C24733BCCC7A}.Debug|x64.Build.0 = Debug|x64
		{A1A6C349-9E0B-4520-948D-C24733BCCC7A}.Debug|x86.ActiveCfg = Debug|Win32
		{A1A6C349-9E0B-4520-948D-C24733BCCC7A}.Debug|x86.Build.0 = Debug|Win32
		{A1A6C349-9E0B-4520-948D-C24733BCCC7A}.Release|x64.ActiveCfg = Release|x64
		{A1A6C349-9E0B-4520-948D-C24733BCCC7A}.Release|x64.Build.0 = Release|x64
		{A1A6C349-9E0B-4520-948D-C24733BCCC7A}.Release|x86.ActiveCfg = Release|Win32
		{A1A6C349-9E0B-4520-948D-C24733BCCC7A}.Release|x86.Build.0 = Release|Win32
		{AB4F0EAA-F22E-42EA-A066-74E63A9DB551}.Debug|x64.ActiveCfg = Debug|x64
		{AB4F0EAA-F22E-42EA-A066-74E63A9DB551}.Debug|x64.Build.0 = Debug|x64
		{AB4F0EAA-F22E-42EA-A066-74E63A9DB551}.Debug|x86.ActiveCfg = Debug|Win32
		{AB4F0EAA-F22E-42EA-A066-74E63A9DB551}.Debug|x86.Build.0 = Debug|Win32
		{AB4F0EAA-F22E-42EA-A066-74E63A9DB551}.Release|x64.ActiveCfg = Release|x64
		{AB4F0EAA-F22E-42EA-A066-74E63A9DB551}.Release|x64.Build.0 = Release|x64
		{AB4F0EAA-F22E-42EA-A066-74E63A9DB551}.Release|x86.ActiveCfg = Release|Win32
		{AB4F0EAA-F22E-42EA-A066-74E63A9DB551}.Release|x86.Build.0 = Release|Win32
		{4EAAF6DF-14AA-459F-8B97-946FB03EB285}.Debug|x64.ActiveCfg = Debug|x64
		{4EAAF6DF-14AA-459F-8B97-946FB03EB285}.Debug|x64.Build.0 = Debug|x64
		{4EAAF6DF-14AA-459F-8B97-946FB03EB285}.Debug|x86.ActiveCfg = Debug|Win32
		{4EAAF6DF-14AA-459F-8B97-946FB03EB285}.Debug|x86.Build.0 = Debug|Win32
		{4EAAF6DF-14AA-459F-8B97-946FB03EB285}.Release|x64.ActiveCfg = Release|x64
		{4EAAF6DF-14AA-459F-8B97-946FB03EB285}.Release|x64.Build.0 = Release|x64
		{4EAAF6DF-14AA-459F-8B97-946FB03EB285}.Release|x86.ActiveCfg = Release|Win32
		{4EAAF6DF-14AA-459F-8B97-946FB03EB285}.Release|x86.Build.0 = Release|Win32
		{69355E0D-5398-469F-976F-F5F71FDAD553}.Debug|x64.ActiveCfg = Debug|x64
		{69355E0D-5398-469F-976F-F5F71FDAD553}.Debug|x64.Build.0 = Debug|x64
		{69355E0D-5398-469F-976F-F5F71FDAD553}.Debug|x86.ActiveCfg = Debug|Win32
		{69355E0D-5398-469F-976F-F5F71FDAD553}.Debug|x86.Build.0 = Debug|Win32
		{69355E0D-5398-469F-976F-F5F71FDAD553}.Release|x64.ActiveCfg = Release|x64
		{69355E0D-5398-469F-976F-F5F71FDAD553}.Release|x64.Build.0 = Release|x64
		{69355E0D-5398-469F-976F-F5F71FDAD553}.Release|x86.ActiveCfg = Release|Win32
		{69355E0D-5398-469F-976F-F5F71FDAD553}.Release|x86.Build.0 = Release|Win32
		{0FE29FB4-6C6F-4B02-89F3-77EDF7B046CC}.Debug|x64.ActiveCfg = Debug|x64
		{0FE29FB4-6C6F-4B02-89F3-77EDF7B046CC}.Debug|x64.Build.0 = Debug|x64
		{0FE29FB4-6C6F-4B02-89F3-77EDF7B046CC}.Debug|x86.ActiveCfg = Debug|Win32
		{0FE29FB4-6C6F-4B02-89F3-77EDF7B046CC}.Debug|x86.Build.0 = Debug|Win32
		{0FE29FB4-6C6F-4B02-89F3-77EDF7B046CC}.Release|x64.ActiveCfg = Release|x64
		{0FE29FB4-6C6F-4B02-89F3-77EDF7B046CC}.Release|x64.Build.0 = Release|x64
		{0FE29FB4-6C6F-4B02-89F3-77EDF7B046CC}.Release|x86.ActiveCfg = Release|Win32
		{0FE29FB4-6C6F-4B02-89F3-77EDF7B046CC}.Release|x86.Build.0 = Release|Win32
		{05C7CB4A-C13D-4C24-98DD-C8CD5C796D4A}.Debug|x64.ActiveCfg = Debug|x64
		{05C7CB4A-C13D-4C24-98DD-C8CD5C796D4A}.Debug|x64.Build.0 = Debug|x64
		{05C7CB4A-C13D-4C24-98DD-C8CD5C796D4A}.Debug|x86.ActiveCfg = Debug|Win32
		{05C7CB4A-C13D-4C24-98DD-C8CD5C796D4A}.Debug|x86.Build.0 = Debug|Win32
		{05C7CB4A-C13D-4C24-98DD-C8CD5C796D4A}.Release|x64.ActiveCfg = Release|x64
		{05C7CB4A-C13D-4C24-98DD-C8CD5C796D4A}.Release|x64.Build.0 = Release|x64
		{05C7CB4A-C13D-4C24-98DD-C8CD5C796D4A}.Release|x86.ActiveCfg = Release|Win32
		{05C7CB4A-C13D-4C24-98DD-C8CD5C796D4A}.Release|x86.Build.0 = Release|Win32
		{FC471AC3-6930-4AEC-B987-FB75F83D1CB3}.Debug|x64.ActiveCfg = Debug|x64
		{FC471AC3-6930-4AEC-B987-FB75F83D1CB3}.Debug|x64.Build.0 = Debug|x64
		{FC471AC3-6930-4AEC-B987-FB75F83D1CB3}.Debug|x86.ActiveCfg = Debug|Win32
		{FC471AC3-6930-4AEC-B987-FB75F83D1CB3}.Debug|x86.Build.0 = Debug|Win32
		{FC471AC3-6930-4AEC-B987-FB75F83D1CB3}.Release|x64.ActiveCfg = Release|x64
		{FC471AC3-6930-4AEC-B987-FB75F83D1CB3}.Release|x64.Build.0 = Release|x64
		{FC471AC3-6930-4AEC-B987-FB75F83D1CB3}.Release|x86.ActiveCfg = Release|Win32
		{FC471AC3-6930-4AEC-B987-FB75F83D1CB3}.Release|x86.Build.0 = Release|Win32
		{7CAD3BE1-B35B-468F-8631-A829EC3F8DC0}.Debug|x64.ActiveCfg = Debug|x64
		{7CAD3BE1-B35B-468F-8631-A829EC3F8DC0}.Debug|x64.Build.0 = Debug|x64
		{7CAD3BE1-B35B-468F-8631-A829EC3F8DC0}.Debug|x86.ActiveCfg = Debug|Win32
		{7CAD3BE1-B35B-468F-8631-A829EC3F8DC0}.Debug|x86.Build.0 = Debug|Win32
		{7CAD3BE1-B35B-468F-8631-A829EC3F8DC0}.Release|x64.ActiveCfg = Release|x64
		{7CAD3BE1-B35B-468F-8631-A829EC3F8DC0}.Release|x64.Build.0 = Release|x64
		{7CAD3BE1-B35B-468F-8631-A829EC3F8DC0}.Release|x86.ActiveCfg = Release|Win32
		{7CAD3BE1-B35B-468F-8631-A829EC3F8DC0}.Release|x86.Build.0 = Release|Win32
		{97632288-DDBE-4A5B-95DF-BD11055BF940}.Debug|x64.ActiveCfg = Debug|x64
		{97632288-DDBE-4A5B-95DF-BD11055BF940}.Debug|x64.Build.0 = Debug|x64
		{97632288-DDBE-4A5B-95DF-BD11055BF940}.Debug|x86.ActiveCfg = Debug|Win32
		{97632288-DDBE-4A5B-95DF-BD11055BF940}.Debug|x86.Build.0 = Debug|Win32
		{97632288-DDBE-4A5B-95DF-BD11055BF940}.Release|x64.ActiveCfg = Release|x64
		{97632288-DDBE-4A5B-95DF-BD11055BF940}.Release|x64.Build.0 = Release|x64
		{97632288-DDBE-4A5B-95DF-BD11055BF940}.Release|x86.ActiveCfg = Release|Win32
		{97632288-DDBE-4A5B-95DF-BD11055BF940}.Release|x86.Build.0 = Release|Win32
		{ABDBF3D3-A0E0-4366-9D88-D08C5CB0BEB9}.Debug|x64.ActiveCfg = Debug|x64
		{ABDBF3D3-A0E0-4366-9D88-D08C5CB0BEB9}.Debug|x64.Build.0 = Debug|x64
		{ABDBF3D3-A0E0-4366-9D88-D08C5CB0BEB9}.Debug|x86.ActiveCfg = Debug|Win32
		{ABDBF3D3-A0E0-4366-9D88-D08C5CB0BEB9}.Debug|x86.Build.0 = Debug|Win32
		{ABDBF3D3-A0E0-4366-9D88-D08C5CB0BEB9}.Release|x64.ActiveCfg = Release|x64
		{ABDBF3D3-A0E0-4366-9D88-D08C5CB0BEB9}.Release|x64.Build.0 = Release|x64
		{ABDBF3D3-A0E0-4366-9D88-D08C5CB0BEB9}.Release|x86.ActiveCfg = Release|Win32
		{ABDBF3D3-A0E0-4366-9D88-D08C5CB0BEB9}.Release|x86.Build.0 = Release|Win32
		{B89337EE-5BBB-4296-ACF8-C5E961631488}.Debug|x64.ActiveCfg = Debug|x64
		{B89337EE-5BBB-4296-ACF8-C5E961631488}.Debug|x64.Build.0 = Debug|x64
		{B89337EE-5BBB-4296-ACF8-C5E961631488}.Debug|x86.ActiveCfg = Debug|Win32
		{B89337EE-5BBB-4296-ACF8-C5E961631488}.Debug|x86.Build.0 = Debug|Win32
		{B89337EE-5BBB-4296-ACF8-C5E961631488}.Release|x64.ActiveCfg = Release|x64
		{B89337EE-5BBB-4296-ACF8-C5E961631488}.Release|x64.Build.0 = Release|x64
		{B89337EE-5BBB-4296-ACF8-C5E961631488}.Release|x86.ActiveCfg = Release|Win32
		{B89337EE-5BBB-4296-ACF8-C5E961631488}.Release|x86.Build.0 = Release|Win32
		{FC63CE23-79E9-4C40-AE46-8121584FE6DC}.Debug|x64.ActiveCfg = Debug|x64
		{FC63CE23-79E9-4C40-AE46-8121584FE6DC}.Debug|x64.Build.0 = Debug|x64
		{FC63CE23-79E9-4C40-AE46-8121584FE6DC}.Debug|x86.ActiveCfg = Debug|Win32
		{FC63CE23-79E9-4C40-AE46-8121584FE6DC}.Debug|x86.Build.0 = Debug|Win32
		{FC63CE23-79E9-4C40-AE46-8121584FE6DC}.Release|x64.ActiveCfg = Release|x64
		{FC63CE23-79E9-4C40-AE46-8121584FE6DC}.Release|x64.Build.0 = Release|x64
		{FC63CE23-79E9-4C40-AE46-8121584FE6DC}.Release|x86.ActiveCfg = Release|Win32
		{FC63CE23-79E9-4C40-AE46-8121584FE6DC}.Release|x86.Build.0 = Release|Win32
		{491E2687-DF82-4365-9E33-FEEB4AD1E7D6}.Debug|x64.ActiveCfg = Debug|x64
		{491E2687-DF82-4365-9E33-FEEB4AD1E7D6}.Debug|x64.Build.0 = Debug|x64
		{491E2687-DF82-4365-9E33-FEEB4AD1E7D6}.Debug|x86.ActiveCfg = Debug|Win32
		{491E2687-DF82-4365-9E33-FEEB4AD1E7D6}.Debug|x86.Build.0 = Debug|Win32
		{491E2687-DF82-4365-9E33-FEEB4AD1E7D6}.Release|x64.ActiveCfg = Release|x64
		{491E2687-DF82-4365-9E33-FEEB4AD1E7D6}.Release|x64.Build.0 = Release|x64
		{491E2687-DF82-4365-9E33-FEEB4AD1E7D6}.Release|x86.ActiveCfg = Release|Win32
		{491E2687-DF82-4365-9E33-FEEB4AD1E7D6}.Release|x86.Build.0 = Release|Win32
	EndGlobalSection
	GlobalSection(SolutionProperties) = preSolution
		HideSolutionNode = FALSE
	EndGlobalSection
	GlobalSection(NestedProjects) = preSolution
		{C785F3BD-7824-47A9-AAF6-3DBE001A25A4} = {C11AD82F-7679-4D23-9CAE-3FFE14CD85C0}
		{DFADD9E6-20B5-40FB-AF88-DB43BA246C3E} = {C11AD82F-7679-4D23-9CAE-3FFE14CD85C0}
		{1043BF7D-891A-47A8-A9A2-F0E265F3B5D3} = {C11AD82F-7679-4D23-9CAE-3FFE14CD85C0}
		{14110C2C-CB81-4A4F-8B35-46D3AE88D803} = {C11AD82F-7679-4D23-9CAE-3FFE14CD85C0}
		{47F47DFB-6A1D-46B0-BED3-4ABE1BE492B6} = {DA17DBBD-D0FD-4C37-9525-833A61548630}
		{A1A6C349-9E0B-4520-948D-C24733BCCC7A} = {DA17DBBD-D0FD-4C37-9525-833A61548630}
		{AB4F0EAA-F22E-42EA-A066-74E63A9DB551} = {DA17DBBD-D0FD-4C37-9525-833A61548630}
		{4EAAF6DF-14AA-459F-8B97-946FB03EB285} = {DA17DBBD-D0FD-4C37-9525-833A61548630}
		{69355E0D-5398-469F-976F-F5F71FDAD553} = {DA17DBBD-D0FD-4C37-9525-833A61548630}
		{0FE29FB4-6C6F-4B02-89F3-77EDF7B046CC} = {DA17DBBD-D0FD-4C37-9525-833A61548630}
		{05C7CB4A-C13D-4C24-98DD-C8CD5C796D4A} = {0724221C-095A-456B-AC7F-DE77AF524743}
		{FC471AC3-6930-4AEC-B987-FB75F83D1CB3} = {0724221C-095A-456B-AC7F-DE77AF524743}
		{0724221C-095A-456B-AC7F-DE77AF524743} = {DA17DBBD-D0FD-4C37-9525-833A61548630}
		{7CAD3BE1-B35B-468F-8631-A829EC3F8DC0} = {F716B181-7DD3-4C9C-8B3E-E6E0DE1BD67F}
		{97632288-DDBE-4A5B-95DF-BD11055BF940} = {F716B181-7DD3-4C9C-8B3E-E6E0DE1BD67F}
		{ABDBF3D3-A0E0-4366-9D88-D08C5CB0BEB9} = {F716B181-7DD3-4C9C-8B3E-E6E0DE1BD67F}
		{B89337EE-5BBB-4296-ACF8-C5E961631488} = {F716B181-7DD3-4C9C-8B3E-E6E0DE1BD67F}
		{FC63CE23-79E9-4C40-AE46-8121584FE6DC} = {F889B83B-D246-46EA-AD7F-1DB026F1AF8A}
		{491E2687-DF82-4365-9E33-FEEB4AD1E7D6} = {F889B83B-D246-46EA-AD7F-1DB026F1AF8A}
	EndGlobalSection
	GlobalSection(ExtensibilityGlobals) = postSolution
		SolutionGuid = {3152DB3D-C1D0-49F2-A2EF-8F9579FC16A1}
	EndGlobalSection
EndGlobal
